
Microsoft Visual Studio Solution File, Format Version 12.00
Project("{FAE04EC0-301F-11D3-BF4B-00C04F79EFBC}") = "QuickShiftApplication", "QuickShiftApplication\QuickShiftApplication.csproj", "{54A3996D-2A4C-495A-8099-D2C2AD626A6E}"
EndProject
Global
	GlobalSection(SolutionConfigurationPlatforms) = preSolution
		Debug|Any CPU = Debug|Any CPU
		Release|Any CPU = Release|Any CPU
	EndGlobalSection
	GlobalSection(ProjectConfigurationPlatforms) = postSolution
		{54A3996D-2A4C-495A-8099-D2C2AD626A6E}.Debug|Any CPU.ActiveCfg = Debug|Any CPU
		{54A3996D-2A4C-495A-8099-D2C2AD626A6E}.Debug|Any CPU.Build.0 = Debug|Any CPU
		{54A3996D-2A4C-495A-8099-D2C2AD626A6E}.Release|Any CPU.ActiveCfg = Release|Any CPU
		{54A3996D-2A4C-495A-8099-D2C2AD626A6E}.Release|Any CPU.Build.0 = Release|Any CPU
	EndGlobalSection
EndGlobal
